
Microsoft Visual Studio Solution File, Format Version 12.00
# Visual Studio Version 16
VisualStudioVersion = 16.0.809.4
MinimumVisualStudioVersion = 10.0.40219.1
Project("{FAE04EC0-301F-11D3-BF4B-00C04F79EFBC}") = "POSTerminal", "POSTerminal\POSTerminal.csproj", "{23333763-C2C3-40DF-A132-6F6C79DF3E4A}"
EndProject
Project("{FAE04EC0-301F-11D3-BF4B-00C04F79EFBC}") = "POSTerminalTest", "POSTerminalTest\POSTerminalTest.csproj", "{C3340442-B825-4D96-AA8D-4F05BE91D616}"
EndProject
Global
	GlobalSection(SolutionConfigurationPlatforms) = preSolution
		Debug|Any CPU = Debug|Any CPU
		Release|Any CPU = Release|Any CPU
	EndGlobalSection
	GlobalSection(ProjectConfigurationPlatforms) = postSolution
		{23333763-C2C3-40DF-A132-6F6C79DF3E4A}.Debug|Any CPU.ActiveCfg = Debug|Any CPU
		{23333763-C2C3-40DF-A132-6F6C79DF3E4A}.Debug|Any CPU.Build.0 = Debug|Any CPU
		{23333763-C2C3-40DF-A132-6F6C79DF3E4A}.Release|Any CPU.ActiveCfg = Release|Any CPU
		{23333763-C2C3-40DF-A132-6F6C79DF3E4A}.Release|Any CPU.Build.0 = Release|Any CPU
		{C3340442-B825-4D96-AA8D-4F05BE91D616}.Debug|Any CPU.ActiveCfg = Debug|Any CPU
		{C3340442-B825-4D96-AA8D-4F05BE91D616}.Debug|Any CPU.Build.0 = Debug|Any CPU
		{C3340442-B825-4D96-AA8D-4F05BE91D616}.Release|Any CPU.ActiveCfg = Release|Any CPU
		{C3340442-B825-4D96-AA8D-4F05BE91D616}.Release|Any CPU.Build.0 = Release|Any CPU
	EndGlobalSection
	GlobalSection(SolutionProperties) = preSolution
		HideSolutionNode = FALSE
	EndGlobalSection
	GlobalSection(ExtensibilityGlobals) = postSolution
		SolutionGuid = {EBEDF06A-88BE-4E5A-9687-B5967E23F421}
	EndGlobalSection
EndGlobal
